
Microsoft Visual Studio Solution File, Format Version 12.00
# Visual Studio 14
VisualStudioVersion = 14.0.25420.1
MinimumVisualStudioVersion = 10.0.40219.1
Project("{FAE04EC0-301F-11D3-BF4B-00C04F79EFBC}") = "Hello", "Hello\Hello.csproj", "{43D3A9D9-D831-46CD-BE33-1DE6770DB406}"
EndProject
Project("{FAE04EC0-301F-11D3-BF4B-00C04F79EFBC}") = "OOdemot", "OOdemot\OOdemot.csproj", "{647E5B70-F18B-4837-8A73-4FCAFA7B4CB9}"
EndProject
Project("{FAE04EC0-301F-11D3-BF4B-00C04F79EFBC}") = "Labrat", "Labrat\Labrat.csproj", "{CD3D05CF-964C-4D39-9AE4-EE606F2C1961}"
EndProject
Project("{FAE04EC0-301F-11D3-BF4B-00C04F79EFBC}") = "Labrat2", "Labrat2\Labrat2.csproj", "{8BA63379-C34C-471C-BB36-E6D62F5DED66}"
EndProject
Project("{FAE04EC0-301F-11D3-BF4B-00C04F79EFBC}") = "Labra2.5", "Labra2.5\Labra2.5.csproj", "{4748191C-29FE-4CB1-9E32-2F6CB2DFC2D9}"
EndProject
Project("{FAE04EC0-301F-11D3-BF4B-00C04F79EFBC}") = "Labrat3", "Labrat3\Labrat3.csproj", "{B6762D5F-4581-4B0C-BACB-63A65E362D31}"
EndProject
Global
	GlobalSection(SolutionConfigurationPlatforms) = preSolution
		Debug|Any CPU = Debug|Any CPU
		Release|Any CPU = Release|Any CPU
	EndGlobalSection
	GlobalSection(ProjectConfigurationPlatforms) = postSolution
		{43D3A9D9-D831-46CD-BE33-1DE6770DB406}.Debug|Any CPU.ActiveCfg = Debug|Any CPU
		{43D3A9D9-D831-46CD-BE33-1DE6770DB406}.Debug|Any CPU.Build.0 = Debug|Any CPU
		{43D3A9D9-D831-46CD-BE33-1DE6770DB406}.Release|Any CPU.ActiveCfg = Release|Any CPU
		{43D3A9D9-D831-46CD-BE33-1DE6770DB406}.Release|Any CPU.Build.0 = Release|Any CPU
		{647E5B70-F18B-4837-8A73-4FCAFA7B4CB9}.Debug|Any CPU.ActiveCfg = Debug|Any CPU
		{647E5B70-F18B-4837-8A73-4FCAFA7B4CB9}.Debug|Any CPU.Build.0 = Debug|Any CPU
		{647E5B70-F18B-4837-8A73-4FCAFA7B4CB9}.Release|Any CPU.ActiveCfg = Release|Any CPU
		{647E5B70-F18B-4837-8A73-4FCAFA7B4CB9}.Release|Any CPU.Build.0 = Release|Any CPU
		{CD3D05CF-964C-4D39-9AE4-EE606F2C1961}.Debug|Any CPU.ActiveCfg = Debug|Any CPU
		{CD3D05CF-964C-4D39-9AE4-EE606F2C1961}.Debug|Any CPU.Build.0 = Debug|Any CPU
		{CD3D05CF-964C-4D39-9AE4-EE606F2C1961}.Release|Any CPU.ActiveCfg = Release|Any CPU
		{CD3D05CF-964C-4D39-9AE4-EE606F2C1961}.Release|Any CPU.Build.0 = Release|Any CPU
		{8BA63379-C34C-471C-BB36-E6D62F5DED66}.Debug|Any CPU.ActiveCfg = Debug|Any CPU
		{8BA63379-C34C-471C-BB36-E6D62F5DED66}.Debug|Any CPU.Build.0 = Debug|Any CPU
		{8BA63379-C34C-471C-BB36-E6D62F5DED66}.Release|Any CPU.ActiveCfg = Release|Any CPU
		{8BA63379-C34C-471C-BB36-E6D62F5DED66}.Release|Any CPU.Build.0 = Release|Any CPU
		{4748191C-29FE-4CB1-9E32-2F6CB2DFC2D9}.Debug|Any CPU.ActiveCfg = Debug|Any CPU
		{4748191C-29FE-4CB1-9E32-2F6CB2DFC2D9}.Debug|Any CPU.Build.0 = Debug|Any CPU
		{4748191C-29FE-4CB1-9E32-2F6CB2DFC2D9}.Release|Any CPU.ActiveCfg = Release|Any CPU
		{4748191C-29FE-4CB1-9E32-2F6CB2DFC2D9}.Release|Any CPU.Build.0 = Release|Any CPU
		{B6762D5F-4581-4B0C-BACB-63A65E362D31}.Debug|Any CPU.ActiveCfg = Debug|Any CPU
		{B6762D5F-4581-4B0C-BACB-63A65E362D31}.Debug|Any CPU.Build.0 = Debug|Any CPU
		{B6762D5F-4581-4B0C-BACB-63A65E362D31}.Release|Any CPU.ActiveCfg = Release|Any CPU
		{B6762D5F-4581-4B0C-BACB-63A65E362D31}.Release|Any CPU.Build.0 = Release|Any CPU
	EndGlobalSection
	GlobalSection(SolutionProperties) = preSolution
		HideSolutionNode = FALSE
	EndGlobalSection
EndGlobal
