
Microsoft Visual Studio Solution File, Format Version 12.00
# Visual Studio 14
VisualStudioVersion = 14.0.25420.1
MinimumVisualStudioVersion = 10.0.40219.1
Project("{FAE04EC0-301F-11D3-BF4B-00C04F79EFBC}") = "Hello", "Hello\Hello.csproj", "{43D3A9D9-D831-46CD-BE33-1DE6770DB406}"
EndProject
Project("{FAE04EC0-301F-11D3-BF4B-00C04F79EFBC}") = "OOdemot", "OOdemot\OOdemot.csproj", "{647E5B70-F18B-4837-8A73-4FCAFA7B4CB9}"
EndProject
Project("{FAE04EC0-301F-11D3-BF4B-00C04F79EFBC}") = "Labrat", "Labrat\Labrat.csproj", "{CD3D05CF-964C-4D39-9AE4-EE606F2C1961}"
EndProject
Project("{FAE04EC0-301F-11D3-BF4B-00C04F79EFBC}") = "Labrat2", "Labrat2\Labrat2.csproj", "{8BA63379-C34C-471C-BB36-E6D62F5DED66}"
EndProject
Project("{FAE04EC0-301F-11D3-BF4B-00C04F79EFBC}") = "Labra2.5", "Labra2.5\Labra2.5.csproj", "{4748191C-29FE-4CB1-9E32-2F6CB2DFC2D9}"
EndProject
Project("{FAE04EC0-301F-11D3-BF4B-00C04F79EFBC}") = "Labrat3", "Labrat3\Labrat3.csproj", "{B6762D5F-4581-4B0C-BACB-63A65E362D31}"
EndProject
Project("{FAE04EC0-301F-11D3-BF4B-00C04F79EFBC}") = "Labrat4", "Labrat4\Labrat4.csproj", "{1DE11E7E-1701-4CBD-9F20-9296768341D0}"
EndProject
Project("{FAE04EC0-301F-11D3-BF4B-00C04F79EFBC}") = "Labrat5.0", "Labrat5.0\Labrat5.0.csproj", "{C823801A-052E-4C32-8C5F-84ADC0434C46}"
EndProject
Project("{FAE04EC0-301F-11D3-BF4B-00C04F79EFBC}") = "Labrat6", "Labrat6\Labrat6.csproj", "{F6DF6B37-2C63-4D84-8DCD-DCBC558E4D47}"
EndProject
Project("{FAE04EC0-301F-11D3-BF4B-00C04F79EFBC}") = "VKO44", "VKO44\VKO44.csproj", "{AAF5951F-467F-45FA-AF4B-D9363FE23DB8}"
EndProject
Project("{FAE04EC0-301F-11D3-BF4B-00C04F79EFBC}") = "Labrat7", "Labrat7\Labrat7.csproj", "{1F879BB4-22C2-4061-84B4-24EBD618D226}"
EndProject
Project("{FAE04EC0-301F-11D3-BF4B-00C04F79EFBC}") = "Labrat7Tests", "Labrat7Tests\Labrat7Tests.csproj", "{E62C8063-D214-4AA7-97B1-A19020354040}"
EndProject
Project("{FAE04EC0-301F-11D3-BF4B-00C04F79EFBC}") = "WPFDemo", "WPFDemo\WPFDemo.csproj", "{B4944202-3218-4694-A0FB-6E240CAE0C2E}"
EndProject
Project("{FAE04EC0-301F-11D3-BF4B-00C04F79EFBC}") = "Labrat8.1", "Labrat8.1\Labrat8.1.csproj", "{4ECF44F1-8228-4CC5-B965-404E72583BA5}"
EndProject
Project("{FAE04EC0-301F-11D3-BF4B-00C04F79EFBC}") = "Labrat8.2", "Labrat8.2\Labrat8.2.csproj", "{3AE60A5C-132F-4E60-9718-FA1C5BF44169}"
EndProject
Project("{FAE04EC0-301F-11D3-BF4B-00C04F79EFBC}") = "VKO46Autotalli", "VKO46Autotalli\VKO46Autotalli.csproj", "{78F98D2C-A992-47AF-9FB4-E5E5E26CD56C}"
EndProject
Project("{FAE04EC0-301F-11D3-BF4B-00C04F79EFBC}") = "Labrat9.1", "Labrat9.1\Labrat9.1.csproj", "{BBC5690E-889C-4155-9015-B3EC904C4471}"
EndProject
Project("{FAE04EC0-301F-11D3-BF4B-00C04F79EFBC}") = "Labrat9.2", "Labrat9.2\Labrat9.2.csproj", "{52C20BB2-6731-4E11-8BDD-B62369F2335D}"
EndProject
Project("{FAE04EC0-301F-11D3-BF4B-00C04F79EFBC}") = "Labrat9.3", "Labrat9.3\Labrat9.3.csproj", "{BDB10653-9177-426A-B24B-AB9310E28B91}"
EndProject
Global
	GlobalSection(SolutionConfigurationPlatforms) = preSolution
		Debug|Any CPU = Debug|Any CPU
		Release|Any CPU = Release|Any CPU
	EndGlobalSection
	GlobalSection(ProjectConfigurationPlatforms) = postSolution
		{43D3A9D9-D831-46CD-BE33-1DE6770DB406}.Debug|Any CPU.ActiveCfg = Debug|Any CPU
		{43D3A9D9-D831-46CD-BE33-1DE6770DB406}.Debug|Any CPU.Build.0 = Debug|Any CPU
		{43D3A9D9-D831-46CD-BE33-1DE6770DB406}.Release|Any CPU.ActiveCfg = Release|Any CPU
		{43D3A9D9-D831-46CD-BE33-1DE6770DB406}.Release|Any CPU.Build.0 = Release|Any CPU
		{647E5B70-F18B-4837-8A73-4FCAFA7B4CB9}.Debug|Any CPU.ActiveCfg = Debug|Any CPU
		{647E5B70-F18B-4837-8A73-4FCAFA7B4CB9}.Debug|Any CPU.Build.0 = Debug|Any CPU
		{647E5B70-F18B-4837-8A73-4FCAFA7B4CB9}.Release|Any CPU.ActiveCfg = Release|Any CPU
		{647E5B70-F18B-4837-8A73-4FCAFA7B4CB9}.Release|Any CPU.Build.0 = Release|Any CPU
		{CD3D05CF-964C-4D39-9AE4-EE606F2C1961}.Debug|Any CPU.ActiveCfg = Debug|Any CPU
		{CD3D05CF-964C-4D39-9AE4-EE606F2C1961}.Debug|Any CPU.Build.0 = Debug|Any CPU
		{CD3D05CF-964C-4D39-9AE4-EE606F2C1961}.Release|Any CPU.ActiveCfg = Release|Any CPU
		{CD3D05CF-964C-4D39-9AE4-EE606F2C1961}.Release|Any CPU.Build.0 = Release|Any CPU
		{8BA63379-C34C-471C-BB36-E6D62F5DED66}.Debug|Any CPU.ActiveCfg = Debug|Any CPU
		{8BA63379-C34C-471C-BB36-E6D62F5DED66}.Debug|Any CPU.Build.0 = Debug|Any CPU
		{8BA63379-C34C-471C-BB36-E6D62F5DED66}.Release|Any CPU.ActiveCfg = Release|Any CPU
		{8BA63379-C34C-471C-BB36-E6D62F5DED66}.Release|Any CPU.Build.0 = Release|Any CPU
		{4748191C-29FE-4CB1-9E32-2F6CB2DFC2D9}.Debug|Any CPU.ActiveCfg = Debug|Any CPU
		{4748191C-29FE-4CB1-9E32-2F6CB2DFC2D9}.Debug|Any CPU.Build.0 = Debug|Any CPU
		{4748191C-29FE-4CB1-9E32-2F6CB2DFC2D9}.Release|Any CPU.ActiveCfg = Release|Any CPU
		{4748191C-29FE-4CB1-9E32-2F6CB2DFC2D9}.Release|Any CPU.Build.0 = Release|Any CPU
		{B6762D5F-4581-4B0C-BACB-63A65E362D31}.Debug|Any CPU.ActiveCfg = Debug|Any CPU
		{B6762D5F-4581-4B0C-BACB-63A65E362D31}.Debug|Any CPU.Build.0 = Debug|Any CPU
		{B6762D5F-4581-4B0C-BACB-63A65E362D31}.Release|Any CPU.ActiveCfg = Release|Any CPU
		{B6762D5F-4581-4B0C-BACB-63A65E362D31}.Release|Any CPU.Build.0 = Release|Any CPU
		{1DE11E7E-1701-4CBD-9F20-9296768341D0}.Debug|Any CPU.ActiveCfg = Debug|Any CPU
		{1DE11E7E-1701-4CBD-9F20-9296768341D0}.Debug|Any CPU.Build.0 = Debug|Any CPU
		{1DE11E7E-1701-4CBD-9F20-9296768341D0}.Release|Any CPU.ActiveCfg = Release|Any CPU
		{1DE11E7E-1701-4CBD-9F20-9296768341D0}.Release|Any CPU.Build.0 = Release|Any CPU
		{C823801A-052E-4C32-8C5F-84ADC0434C46}.Debug|Any CPU.ActiveCfg = Debug|Any CPU
		{C823801A-052E-4C32-8C5F-84ADC0434C46}.Debug|Any CPU.Build.0 = Debug|Any CPU
		{C823801A-052E-4C32-8C5F-84ADC0434C46}.Release|Any CPU.ActiveCfg = Release|Any CPU
		{C823801A-052E-4C32-8C5F-84ADC0434C46}.Release|Any CPU.Build.0 = Release|Any CPU
		{F6DF6B37-2C63-4D84-8DCD-DCBC558E4D47}.Debug|Any CPU.ActiveCfg = Debug|Any CPU
		{F6DF6B37-2C63-4D84-8DCD-DCBC558E4D47}.Debug|Any CPU.Build.0 = Debug|Any CPU
		{F6DF6B37-2C63-4D84-8DCD-DCBC558E4D47}.Release|Any CPU.ActiveCfg = Release|Any CPU
		{F6DF6B37-2C63-4D84-8DCD-DCBC558E4D47}.Release|Any CPU.Build.0 = Release|Any CPU
		{AAF5951F-467F-45FA-AF4B-D9363FE23DB8}.Debug|Any CPU.ActiveCfg = Debug|Any CPU
		{AAF5951F-467F-45FA-AF4B-D9363FE23DB8}.Debug|Any CPU.Build.0 = Debug|Any CPU
		{AAF5951F-467F-45FA-AF4B-D9363FE23DB8}.Release|Any CPU.ActiveCfg = Release|Any CPU
		{AAF5951F-467F-45FA-AF4B-D9363FE23DB8}.Release|Any CPU.Build.0 = Release|Any CPU
		{1F879BB4-22C2-4061-84B4-24EBD618D226}.Debug|Any CPU.ActiveCfg = Debug|Any CPU
		{1F879BB4-22C2-4061-84B4-24EBD618D226}.Debug|Any CPU.Build.0 = Debug|Any CPU
		{1F879BB4-22C2-4061-84B4-24EBD618D226}.Release|Any CPU.ActiveCfg = Release|Any CPU
		{1F879BB4-22C2-4061-84B4-24EBD618D226}.Release|Any CPU.Build.0 = Release|Any CPU
		{E62C8063-D214-4AA7-97B1-A19020354040}.Debug|Any CPU.ActiveCfg = Debug|Any CPU
		{E62C8063-D214-4AA7-97B1-A19020354040}.Debug|Any CPU.Build.0 = Debug|Any CPU
		{E62C8063-D214-4AA7-97B1-A19020354040}.Release|Any CPU.ActiveCfg = Release|Any CPU
		{E62C8063-D214-4AA7-97B1-A19020354040}.Release|Any CPU.Build.0 = Release|Any CPU
		{B4944202-3218-4694-A0FB-6E240CAE0C2E}.Debug|Any CPU.ActiveCfg = Debug|Any CPU
		{B4944202-3218-4694-A0FB-6E240CAE0C2E}.Debug|Any CPU.Build.0 = Debug|Any CPU
		{B4944202-3218-4694-A0FB-6E240CAE0C2E}.Release|Any CPU.ActiveCfg = Release|Any CPU
		{B4944202-3218-4694-A0FB-6E240CAE0C2E}.Release|Any CPU.Build.0 = Release|Any CPU
		{4ECF44F1-8228-4CC5-B965-404E72583BA5}.Debug|Any CPU.ActiveCfg = Debug|Any CPU
		{4ECF44F1-8228-4CC5-B965-404E72583BA5}.Debug|Any CPU.Build.0 = Debug|Any CPU
		{4ECF44F1-8228-4CC5-B965-404E72583BA5}.Release|Any CPU.ActiveCfg = Release|Any CPU
		{4ECF44F1-8228-4CC5-B965-404E72583BA5}.Release|Any CPU.Build.0 = Release|Any CPU
		{3AE60A5C-132F-4E60-9718-FA1C5BF44169}.Debug|Any CPU.ActiveCfg = Debug|Any CPU
		{3AE60A5C-132F-4E60-9718-FA1C5BF44169}.Debug|Any CPU.Build.0 = Debug|Any CPU
		{3AE60A5C-132F-4E60-9718-FA1C5BF44169}.Release|Any CPU.ActiveCfg = Release|Any CPU
		{3AE60A5C-132F-4E60-9718-FA1C5BF44169}.Release|Any CPU.Build.0 = Release|Any CPU
		{78F98D2C-A992-47AF-9FB4-E5E5E26CD56C}.Debug|Any CPU.ActiveCfg = Debug|Any CPU
		{78F98D2C-A992-47AF-9FB4-E5E5E26CD56C}.Debug|Any CPU.Build.0 = Debug|Any CPU
		{78F98D2C-A992-47AF-9FB4-E5E5E26CD56C}.Release|Any CPU.ActiveCfg = Release|Any CPU
		{78F98D2C-A992-47AF-9FB4-E5E5E26CD56C}.Release|Any CPU.Build.0 = Release|Any CPU
		{BBC5690E-889C-4155-9015-B3EC904C4471}.Debug|Any CPU.ActiveCfg = Debug|Any CPU
		{BBC5690E-889C-4155-9015-B3EC904C4471}.Debug|Any CPU.Build.0 = Debug|Any CPU
		{BBC5690E-889C-4155-9015-B3EC904C4471}.Release|Any CPU.ActiveCfg = Release|Any CPU
		{BBC5690E-889C-4155-9015-B3EC904C4471}.Release|Any CPU.Build.0 = Release|Any CPU
		{52C20BB2-6731-4E11-8BDD-B62369F2335D}.Debug|Any CPU.ActiveCfg = Debug|Any CPU
		{52C20BB2-6731-4E11-8BDD-B62369F2335D}.Debug|Any CPU.Build.0 = Debug|Any CPU
		{52C20BB2-6731-4E11-8BDD-B62369F2335D}.Release|Any CPU.ActiveCfg = Release|Any CPU
		{52C20BB2-6731-4E11-8BDD-B62369F2335D}.Release|Any CPU.Build.0 = Release|Any CPU
		{BDB10653-9177-426A-B24B-AB9310E28B91}.Debug|Any CPU.ActiveCfg = Debug|Any CPU
		{BDB10653-9177-426A-B24B-AB9310E28B91}.Debug|Any CPU.Build.0 = Debug|Any CPU
		{BDB10653-9177-426A-B24B-AB9310E28B91}.Release|Any CPU.ActiveCfg = Release|Any CPU
		{BDB10653-9177-426A-B24B-AB9310E28B91}.Release|Any CPU.Build.0 = Release|Any CPU
	EndGlobalSection
	GlobalSection(SolutionProperties) = preSolution
		HideSolutionNode = FALSE
	EndGlobalSection
EndGlobal
